{
    "name": "desktop-exporter",
    "version": "1.0.0",
    "lockfileVersion": 2,
    "requires": true,
    "packages": {
        "": {
            "name": "desktop-exporter",
            "version": "1.0.0",
            "dependencies": {
                "react-window": "^1.8.8"
            },
            "devDependencies": {
                "esbuild": "^0.15.12",
                "react": "^18.2.0",
                "react-dom": "^18.2.0",
                "react-router-dom": "^6.4.3"
            }
        },
        "node_modules/@babel/runtime": {
            "version": "7.20.1",
            "resolved": "https://registry.npmjs.org/@babel/runtime/-/runtime-7.20.1.tgz",
            "integrity": "sha512-mrzLkl6U9YLF8qpqI7TB82PESyEGjm/0Ly91jG575eVxMMlb8fYfOXFZIJ8XfLrJZQbm7dlKry2bJmXBUEkdFg==",
            "dependencies": {
                "regenerator-runtime": "^0.13.10"
            },
            "engines": {
                "node": ">=6.9.0"
            }
        },
        "node_modules/@esbuild/android-arm": {
            "version": "0.15.12",
            "resolved": "https://registry.npmjs.org/@esbuild/android-arm/-/android-arm-0.15.12.tgz",
            "integrity": "sha512-IC7TqIqiyE0MmvAhWkl/8AEzpOtbhRNDo7aph47We1NbE5w2bt/Q+giAhe0YYeVpYnIhGMcuZY92qDK6dQauvA==",
            "cpu": [
                "arm"
            ],
            "dev": true,
            "optional": true,
            "os": [
                "android"
            ],
            "engines": {
                "node": ">=12"
            }
        },
        "node_modules/@esbuild/linux-loong64": {
            "version": "0.15.12",
            "resolved": "https://registry.npmjs.org/@esbuild/linux-loong64/-/linux-loong64-0.15.12.tgz",
            "integrity": "sha512-tZEowDjvU7O7I04GYvWQOS4yyP9E/7YlsB0jjw1Ycukgr2ycEzKyIk5tms5WnLBymaewc6VmRKnn5IJWgK4eFw==",
            "cpu": [
                "loong64"
            ],
            "dev": true,
            "optional": true,
            "os": [
                "linux"
            ],
            "engines": {
                "node": ">=12"
            }
        },
        "node_modules/@remix-run/router": {
            "version": "1.0.3",
            "resolved": "https://registry.npmjs.org/@remix-run/router/-/router-1.0.3.tgz",
            "integrity": "sha512-ceuyTSs7PZ/tQqi19YZNBc5X7kj1f8p+4DIyrcIYFY9h+hd1OKm4RqtiWldR9eGEvIiJfsqwM4BsuCtRIuEw6Q==",
            "dev": true,
            "engines": {
                "node": ">=14"
            }
        },
        "node_modules/esbuild": {
            "version": "0.15.12",
            "resolved": "https://registry.npmjs.org/esbuild/-/esbuild-0.15.12.tgz",
            "integrity": "sha512-PcT+/wyDqJQsRVhaE9uX/Oq4XLrFh0ce/bs2TJh4CSaw9xuvI+xFrH2nAYOADbhQjUgAhNWC5LKoUsakm4dxng==",
            "dev": true,
            "hasInstallScript": true,
            "bin": {
                "esbuild": "bin/esbuild"
            },
            "engines": {
                "node": ">=12"
            },
            "optionalDependencies": {
                "@esbuild/android-arm": "0.15.12",
                "@esbuild/linux-loong64": "0.15.12",
                "esbuild-android-64": "0.15.12",
                "esbuild-android-arm64": "0.15.12",
                "esbuild-darwin-64": "0.15.12",
                "esbuild-darwin-arm64": "0.15.12",
                "esbuild-freebsd-64": "0.15.12",
                "esbuild-freebsd-arm64": "0.15.12",
                "esbuild-linux-32": "0.15.12",
                "esbuild-linux-64": "0.15.12",
                "esbuild-linux-arm": "0.15.12",
                "esbuild-linux-arm64": "0.15.12",
                "esbuild-linux-mips64le": "0.15.12",
                "esbuild-linux-ppc64le": "0.15.12",
                "esbuild-linux-riscv64": "0.15.12",
                "esbuild-linux-s390x": "0.15.12",
                "esbuild-netbsd-64": "0.15.12",
                "esbuild-openbsd-64": "0.15.12",
                "esbuild-sunos-64": "0.15.12",
                "esbuild-windows-32": "0.15.12",
                "esbuild-windows-64": "0.15.12",
                "esbuild-windows-arm64": "0.15.12"
            }
        },
        "node_modules/esbuild-android-64": {
            "version": "0.15.12",
            "resolved": "https://registry.npmjs.org/esbuild-android-64/-/esbuild-android-64-0.15.12.tgz",
            "integrity": "sha512-MJKXwvPY9g0rGps0+U65HlTsM1wUs9lbjt5CU19RESqycGFDRijMDQsh68MtbzkqWSRdEtiKS1mtPzKneaAI0Q==",
            "cpu": [
                "x64"
            ],
            "dev": true,
            "optional": true,
            "os": [
                "android"
            ],
            "engines": {
                "node": ">=12"
            }
        },
        "node_modules/esbuild-android-arm64": {
            "version": "0.15.12",
            "resolved": "https://registry.npmjs.org/esbuild-android-arm64/-/esbuild-android-arm64-0.15.12.tgz",
            "integrity": "sha512-Hc9SEcZbIMhhLcvhr1DH+lrrec9SFTiRzfJ7EGSBZiiw994gfkVV6vG0sLWqQQ6DD7V4+OggB+Hn0IRUdDUqvA==",
            "cpu": [
                "arm64"
            ],
            "dev": true,
            "optional": true,
            "os": [
                "android"
            ],
            "engines": {
                "node": ">=12"
            }
        },
        "node_modules/esbuild-darwin-64": {
            "version": "0.15.12",
            "resolved": "https://registry.npmjs.org/esbuild-darwin-64/-/esbuild-darwin-64-0.15.12.tgz",
            "integrity": "sha512-qkmqrTVYPFiePt5qFjP8w/S+GIUMbt6k8qmiPraECUWfPptaPJUGkCKrWEfYFRWB7bY23FV95rhvPyh/KARP8Q==",
            "cpu": [
                "x64"
            ],
            "dev": true,
            "optional": true,
            "os": [
                "darwin"
            ],
            "engines": {
                "node": ">=12"
            }
        },
        "node_modules/esbuild-darwin-arm64": {
            "version": "0.15.12",
            "resolved": "https://registry.npmjs.org/esbuild-darwin-arm64/-/esbuild-darwin-arm64-0.15.12.tgz",
            "integrity": "sha512-z4zPX02tQ41kcXMyN3c/GfZpIjKoI/BzHrdKUwhC/Ki5BAhWv59A9M8H+iqaRbwpzYrYidTybBwiZAIWCLJAkw==",
            "cpu": [
                "arm64"
            ],
            "dev": true,
            "optional": true,
            "os": [
                "darwin"
            ],
            "engines": {
                "node": ">=12"
            }
        },
        "node_modules/esbuild-freebsd-64": {
            "version": "0.15.12",
            "resolved": "https://registry.npmjs.org/esbuild-freebsd-64/-/esbuild-freebsd-64-0.15.12.tgz",
            "integrity": "sha512-XFL7gKMCKXLDiAiBjhLG0XECliXaRLTZh6hsyzqUqPUf/PY4C6EJDTKIeqqPKXaVJ8+fzNek88285krSz1QECw==",
            "cpu": [
                "x64"
            ],
            "dev": true,
            "optional": true,
            "os": [
                "freebsd"
            ],
            "engines": {
                "node": ">=12"
            }
        },
        "node_modules/esbuild-freebsd-arm64": {
            "version": "0.15.12",
            "resolved": "https://registry.npmjs.org/esbuild-freebsd-arm64/-/esbuild-freebsd-arm64-0.15.12.tgz",
            "integrity": "sha512-jwEIu5UCUk6TjiG1X+KQnCGISI+ILnXzIzt9yDVrhjug2fkYzlLbl0K43q96Q3KB66v6N1UFF0r5Ks4Xo7i72g==",
            "cpu": [
                "arm64"
            ],
            "dev": true,
            "optional": true,
            "os": [
                "freebsd"
            ],
            "engines": {
                "node": ">=12"
            }
        },
        "node_modules/esbuild-linux-32": {
            "version": "0.15.12",
            "resolved": "https://registry.npmjs.org/esbuild-linux-32/-/esbuild-linux-32-0.15.12.tgz",
            "integrity": "sha512-uSQuSEyF1kVzGzuIr4XM+v7TPKxHjBnLcwv2yPyCz8riV8VUCnO/C4BF3w5dHiVpCd5Z1cebBtZJNlC4anWpwA==",
            "cpu": [
                "ia32"
            ],
            "dev": true,
            "optional": true,
            "os": [
                "linux"
            ],
            "engines": {
                "node": ">=12"
            }
        },
        "node_modules/esbuild-linux-64": {
            "version": "0.15.12",
            "resolved": "https://registry.npmjs.org/esbuild-linux-64/-/esbuild-linux-64-0.15.12.tgz",
            "integrity": "sha512-QcgCKb7zfJxqT9o5z9ZUeGH1k8N6iX1Y7VNsEi5F9+HzN1OIx7ESxtQXDN9jbeUSPiRH1n9cw6gFT3H4qbdvcA==",
            "cpu": [
                "x64"
            ],
            "dev": true,
            "optional": true,
            "os": [
                "linux"
            ],
            "engines": {
                "node": ">=12"
            }
        },
        "node_modules/esbuild-linux-arm": {
            "version": "0.15.12",
            "resolved": "https://registry.npmjs.org/esbuild-linux-arm/-/esbuild-linux-arm-0.15.12.tgz",
            "integrity": "sha512-Wf7T0aNylGcLu7hBnzMvsTfEXdEdJY/hY3u36Vla21aY66xR0MS5I1Hw8nVquXjTN0A6fk/vnr32tkC/C2lb0A==",
            "cpu": [
                "arm"
            ],
            "dev": true,
            "optional": true,
            "os": [
                "linux"
            ],
            "engines": {
                "node": ">=12"
            }
        },
        "node_modules/esbuild-linux-arm64": {
            "version": "0.15.12",
            "resolved": "https://registry.npmjs.org/esbuild-linux-arm64/-/esbuild-linux-arm64-0.15.12.tgz",
            "integrity": "sha512-HtNq5xm8fUpZKwWKS2/YGwSfTF+339L4aIA8yphNKYJckd5hVdhfdl6GM2P3HwLSCORS++++7++//ApEwXEuAQ==",
            "cpu": [
                "arm64"
            ],
            "dev": true,
            "optional": true,
            "os": [
                "linux"
            ],
            "engines": {
                "node": ">=12"
            }
        },
        "node_modules/esbuild-linux-mips64le": {
            "version": "0.15.12",
            "resolved": "https://registry.npmjs.org/esbuild-linux-mips64le/-/esbuild-linux-mips64le-0.15.12.tgz",
            "integrity": "sha512-Qol3+AvivngUZkTVFgLpb0H6DT+N5/zM3V1YgTkryPYFeUvuT5JFNDR3ZiS6LxhyF8EE+fiNtzwlPqMDqVcc6A==",
            "cpu": [
                "mips64el"
            ],
            "dev": true,
            "optional": true,
            "os": [
                "linux"
            ],
            "engines": {
                "node": ">=12"
            }
        },
        "node_modules/esbuild-linux-ppc64le": {
            "version": "0.15.12",
            "resolved": "https://registry.npmjs.org/esbuild-linux-ppc64le/-/esbuild-linux-ppc64le-0.15.12.tgz",
            "integrity": "sha512-4D8qUCo+CFKaR0cGXtGyVsOI7w7k93Qxb3KFXWr75An0DHamYzq8lt7TNZKoOq/Gh8c40/aKaxvcZnTgQ0TJNg==",
            "cpu": [
                "ppc64"
            ],
            "dev": true,
            "optional": true,
            "os": [
                "linux"
            ],
            "engines": {
                "node": ">=12"
            }
        },
        "node_modules/esbuild-linux-riscv64": {
            "version": "0.15.12",
            "resolved": "https://registry.npmjs.org/esbuild-linux-riscv64/-/esbuild-linux-riscv64-0.15.12.tgz",
            "integrity": "sha512-G9w6NcuuCI6TUUxe6ka0enjZHDnSVK8bO+1qDhMOCtl7Tr78CcZilJj8SGLN00zO5iIlwNRZKHjdMpfFgNn1VA==",
            "cpu": [
                "riscv64"
            ],
            "dev": true,
            "optional": true,
            "os": [
                "linux"
            ],
            "engines": {
                "node": ">=12"
            }
        },
        "node_modules/esbuild-linux-s390x": {
            "version": "0.15.12",
            "resolved": "https://registry.npmjs.org/esbuild-linux-s390x/-/esbuild-linux-s390x-0.15.12.tgz",
            "integrity": "sha512-Lt6BDnuXbXeqSlVuuUM5z18GkJAZf3ERskGZbAWjrQoi9xbEIsj/hEzVnSAFLtkfLuy2DE4RwTcX02tZFunXww==",
            "cpu": [
                "s390x"
            ],
            "dev": true,
            "optional": true,
            "os": [
                "linux"
            ],
            "engines": {
                "node": ">=12"
            }
        },
        "node_modules/esbuild-netbsd-64": {
            "version": "0.15.12",
            "resolved": "https://registry.npmjs.org/esbuild-netbsd-64/-/esbuild-netbsd-64-0.15.12.tgz",
            "integrity": "sha512-jlUxCiHO1dsqoURZDQts+HK100o0hXfi4t54MNRMCAqKGAV33JCVvMplLAa2FwviSojT/5ZG5HUfG3gstwAG8w==",
            "cpu": [
                "x64"
            ],
            "dev": true,
            "optional": true,
            "os": [
                "netbsd"
            ],
            "engines": {
                "node": ">=12"
            }
        },
        "node_modules/esbuild-openbsd-64": {
            "version": "0.15.12",
            "resolved": "https://registry.npmjs.org/esbuild-openbsd-64/-/esbuild-openbsd-64-0.15.12.tgz",
            "integrity": "sha512-1o1uAfRTMIWNOmpf8v7iudND0L6zRBYSH45sofCZywrcf7NcZA+c7aFsS1YryU+yN7aRppTqdUK1PgbZVaB1Dw==",
            "cpu": [
                "x64"
            ],
            "dev": true,
            "optional": true,
            "os": [
                "openbsd"
            ],
            "engines": {
                "node": ">=12"
            }
        },
        "node_modules/esbuild-sunos-64": {
            "version": "0.15.12",
            "resolved": "https://registry.npmjs.org/esbuild-sunos-64/-/esbuild-sunos-64-0.15.12.tgz",
            "integrity": "sha512-nkl251DpoWoBO9Eq9aFdoIt2yYmp4I3kvQjba3jFKlMXuqQ9A4q+JaqdkCouG3DHgAGnzshzaGu6xofGcXyPXg==",
            "cpu": [
                "x64"
            ],
            "dev": true,
            "optional": true,
            "os": [
                "sunos"
            ],
            "engines": {
                "node": ">=12"
            }
        },
        "node_modules/esbuild-windows-32": {
            "version": "0.15.12",
            "resolved": "https://registry.npmjs.org/esbuild-windows-32/-/esbuild-windows-32-0.15.12.tgz",
            "integrity": "sha512-WlGeBZHgPC00O08luIp5B2SP4cNCp/PcS+3Pcg31kdcJPopHxLkdCXtadLU9J82LCfw4TVls21A6lilQ9mzHrw==",
            "cpu": [
                "ia32"
            ],
            "dev": true,
            "optional": true,
            "os": [
                "win32"
            ],
            "engines": {
                "node": ">=12"
            }
        },
        "node_modules/esbuild-windows-64": {
            "version": "0.15.12",
            "resolved": "https://registry.npmjs.org/esbuild-windows-64/-/esbuild-windows-64-0.15.12.tgz",
            "integrity": "sha512-VActO3WnWZSN//xjSfbiGOSyC+wkZtI8I4KlgrTo5oHJM6z3MZZBCuFaZHd8hzf/W9KPhF0lY8OqlmWC9HO5AA==",
            "cpu": [
                "x64"
            ],
            "dev": true,
            "optional": true,
            "os": [
                "win32"
            ],
            "engines": {
                "node": ">=12"
            }
        },
        "node_modules/esbuild-windows-arm64": {
            "version": "0.15.12",
            "resolved": "https://registry.npmjs.org/esbuild-windows-arm64/-/esbuild-windows-arm64-0.15.12.tgz",
            "integrity": "sha512-Of3MIacva1OK/m4zCNIvBfz8VVROBmQT+gRX6pFTLPngFYcj6TFH/12VveAqq1k9VB2l28EoVMNMUCcmsfwyuA==",
            "cpu": [
                "arm64"
            ],
            "dev": true,
            "optional": true,
            "os": [
                "win32"
            ],
            "engines": {
                "node": ">=12"
            }
        },
        "node_modules/js-tokens": {
            "version": "4.0.0",
            "resolved": "https://registry.npmjs.org/js-tokens/-/js-tokens-4.0.0.tgz",
            "integrity": "sha512-RdJUflcE3cUzKiMqQgsCu06FPu9UdIJO0beYbPhHN4k6apgJtifcoCtT9bcxOpYBtpD2kCM6Sbzg4CausW/PKQ=="
        },
        "node_modules/loose-envify": {
            "version": "1.4.0",
            "resolved": "https://registry.npmjs.org/loose-envify/-/loose-envify-1.4.0.tgz",
            "integrity": "sha512-lyuxPGr/Wfhrlem2CL/UcnUc1zcqKAImBDzukY7Y5F/yQiNdko6+fRLevlw1HgMySw7f611UIY408EtxRSoK3Q==",
            "dependencies": {
                "js-tokens": "^3.0.0 || ^4.0.0"
            },
            "bin": {
                "loose-envify": "cli.js"
            }
        },
        "node_modules/memoize-one": {
            "version": "5.2.1",
            "resolved": "https://registry.npmjs.org/memoize-one/-/memoize-one-5.2.1.tgz",
            "integrity": "sha512-zYiwtZUcYyXKo/np96AGZAckk+FWWsUdJ3cHGGmld7+AhvcWmQyGCYUh1hc4Q/pkOhb65dQR/pqCyK0cOaHz4Q=="
        },
        "node_modules/react": {
            "version": "18.2.0",
            "resolved": "https://registry.npmjs.org/react/-/react-18.2.0.tgz",
            "integrity": "sha512-/3IjMdb2L9QbBdWiW5e3P2/npwMBaU9mHCSCUzNln0ZCYbcfTsGbTJrU/kGemdH2IWmB2ioZ+zkxtmq6g09fGQ==",
            "dependencies": {
                "loose-envify": "^1.1.0"
            },
            "engines": {
                "node": ">=0.10.0"
            }
        },
        "node_modules/react-dom": {
            "version": "18.2.0",
            "resolved": "https://registry.npmjs.org/react-dom/-/react-dom-18.2.0.tgz",
            "integrity": "sha512-6IMTriUmvsjHUjNtEDudZfuDQUoWXVxKHhlEGSk81n4YFS+r/Kl99wXiwlVXtPBtJenozv2P+hxDsw9eA7Xo6g==",
            "dependencies": {
                "loose-envify": "^1.1.0",
                "scheduler": "^0.23.0"
            },
            "peerDependencies": {
                "react": "^18.2.0"
            }
        },
        "node_modules/react-router": {
            "version": "6.4.3",
            "resolved": "https://registry.npmjs.org/react-router/-/react-router-6.4.3.tgz",
            "integrity": "sha512-BT6DoGn6aV1FVP5yfODMOiieakp3z46P1Fk0RNzJMACzE7C339sFuHebfvWtnB4pzBvXXkHP2vscJzWRuUjTtA==",
            "dev": true,
            "dependencies": {
                "@remix-run/router": "1.0.3"
            },
            "engines": {
                "node": ">=14"
            },
            "peerDependencies": {
                "react": ">=16.8"
            }
        },
        "node_modules/react-router-dom": {
            "version": "6.4.3",
            "resolved": "https://registry.npmjs.org/react-router-dom/-/react-router-dom-6.4.3.tgz",
            "integrity": "sha512-MiaYQU8CwVCaOfJdYvt84KQNjT78VF0TJrA17SIQgNHRvLnXDJO6qsFqq8F/zzB1BWZjCFIrQpu4QxcshitziQ==",
            "dev": true,
            "dependencies": {
                "@remix-run/router": "1.0.3",
                "react-router": "6.4.3"
            },
            "engines": {
                "node": ">=14"
            },
            "peerDependencies": {
                "react": ">=16.8",
                "react-dom": ">=16.8"
            }
        },
        "node_modules/react-window": {
            "version": "1.8.8",
            "resolved": "https://registry.npmjs.org/react-window/-/react-window-1.8.8.tgz",
            "integrity": "sha512-D4IiBeRtGXziZ1n0XklnFGu7h9gU684zepqyKzgPNzrsrk7xOCxni+TCckjg2Nr/DiaEEGVVmnhYSlT2rB47dQ==",
            "dependencies": {
                "@babel/runtime": "^7.0.0",
                "memoize-one": ">=3.1.1 <6"
            },
            "engines": {
                "node": ">8.0.0"
            },
            "peerDependencies": {
                "react": "^15.0.0 || ^16.0.0 || ^17.0.0 || ^18.0.0",
                "react-dom": "^15.0.0 || ^16.0.0 || ^17.0.0 || ^18.0.0"
            }
        },
        "node_modules/regenerator-runtime": {
            "version": "0.13.11",
            "resolved": "https://registry.npmjs.org/regenerator-runtime/-/regenerator-runtime-0.13.11.tgz",
            "integrity": "sha512-kY1AZVr2Ra+t+piVaJ4gxaFaReZVH40AKNo7UCX6W+dEwBo/2oZJzqfuN1qLq1oL45o56cPaTXELwrTh8Fpggg=="
        },
        "node_modules/scheduler": {
            "version": "0.23.0",
            "resolved": "https://registry.npmjs.org/scheduler/-/scheduler-0.23.0.tgz",
            "integrity": "sha512-CtuThmgHNg7zIZWAXi3AsyIzA3n4xx7aNyjwC2VJldO2LMVDhFK+63xGqq6CsJH4rTAt6/M+N4GhZiDYPx9eUw==",
            "dependencies": {
                "loose-envify": "^1.1.0"
            }
        }
    },
    "dependencies": {
        "@babel/runtime": {
            "version": "7.20.1",
            "resolved": "https://registry.npmjs.org/@babel/runtime/-/runtime-7.20.1.tgz",
            "integrity": "sha512-mrzLkl6U9YLF8qpqI7TB82PESyEGjm/0Ly91jG575eVxMMlb8fYfOXFZIJ8XfLrJZQbm7dlKry2bJmXBUEkdFg==",
            "requires": {
                "regenerator-runtime": "^0.13.10"
            }
        },
        "@esbuild/android-arm": {
            "version": "0.15.12",
            "resolved": "https://registry.npmjs.org/@esbuild/android-arm/-/android-arm-0.15.12.tgz",
            "integrity": "sha512-IC7TqIqiyE0MmvAhWkl/8AEzpOtbhRNDo7aph47We1NbE5w2bt/Q+giAhe0YYeVpYnIhGMcuZY92qDK6dQauvA==",
            "dev": true,
            "optional": true
        },
        "@esbuild/linux-loong64": {
            "version": "0.15.12",
            "resolved": "https://registry.npmjs.org/@esbuild/linux-loong64/-/linux-loong64-0.15.12.tgz",
            "integrity": "sha512-tZEowDjvU7O7I04GYvWQOS4yyP9E/7YlsB0jjw1Ycukgr2ycEzKyIk5tms5WnLBymaewc6VmRKnn5IJWgK4eFw==",
            "dev": true,
            "optional": true
        },
        "@remix-run/router": {
            "version": "1.0.3",
            "resolved": "https://registry.npmjs.org/@remix-run/router/-/router-1.0.3.tgz",
            "integrity": "sha512-ceuyTSs7PZ/tQqi19YZNBc5X7kj1f8p+4DIyrcIYFY9h+hd1OKm4RqtiWldR9eGEvIiJfsqwM4BsuCtRIuEw6Q==",
            "dev": true
        },
        "esbuild": {
            "version": "0.15.12",
            "resolved": "https://registry.npmjs.org/esbuild/-/esbuild-0.15.12.tgz",
            "integrity": "sha512-PcT+/wyDqJQsRVhaE9uX/Oq4XLrFh0ce/bs2TJh4CSaw9xuvI+xFrH2nAYOADbhQjUgAhNWC5LKoUsakm4dxng==",
            "dev": true,
            "requires": {
                "@esbuild/android-arm": "0.15.12",
                "@esbuild/linux-loong64": "0.15.12",
                "esbuild-android-64": "0.15.12",
                "esbuild-android-arm64": "0.15.12",
                "esbuild-darwin-64": "0.15.12",
                "esbuild-darwin-arm64": "0.15.12",
                "esbuild-freebsd-64": "0.15.12",
                "esbuild-freebsd-arm64": "0.15.12",
                "esbuild-linux-32": "0.15.12",
                "esbuild-linux-64": "0.15.12",
                "esbuild-linux-arm": "0.15.12",
                "esbuild-linux-arm64": "0.15.12",
                "esbuild-linux-mips64le": "0.15.12",
                "esbuild-linux-ppc64le": "0.15.12",
                "esbuild-linux-riscv64": "0.15.12",
                "esbuild-linux-s390x": "0.15.12",
                "esbuild-netbsd-64": "0.15.12",
                "esbuild-openbsd-64": "0.15.12",
                "esbuild-sunos-64": "0.15.12",
                "esbuild-windows-32": "0.15.12",
                "esbuild-windows-64": "0.15.12",
                "esbuild-windows-arm64": "0.15.12"
            }
        },
        "esbuild-android-64": {
            "version": "0.15.12",
            "resolved": "https://registry.npmjs.org/esbuild-android-64/-/esbuild-android-64-0.15.12.tgz",
            "integrity": "sha512-MJKXwvPY9g0rGps0+U65HlTsM1wUs9lbjt5CU19RESqycGFDRijMDQsh68MtbzkqWSRdEtiKS1mtPzKneaAI0Q==",
            "dev": true,
            "optional": true
        },
        "esbuild-android-arm64": {
            "version": "0.15.12",
            "resolved": "https://registry.npmjs.org/esbuild-android-arm64/-/esbuild-android-arm64-0.15.12.tgz",
            "integrity": "sha512-Hc9SEcZbIMhhLcvhr1DH+lrrec9SFTiRzfJ7EGSBZiiw994gfkVV6vG0sLWqQQ6DD7V4+OggB+Hn0IRUdDUqvA==",
            "dev": true,
            "optional": true
        },
        "esbuild-darwin-64": {
            "version": "0.15.12",
            "resolved": "https://registry.npmjs.org/esbuild-darwin-64/-/esbuild-darwin-64-0.15.12.tgz",
            "integrity": "sha512-qkmqrTVYPFiePt5qFjP8w/S+GIUMbt6k8qmiPraECUWfPptaPJUGkCKrWEfYFRWB7bY23FV95rhvPyh/KARP8Q==",
            "dev": true,
            "optional": true
        },
        "esbuild-darwin-arm64": {
            "version": "0.15.12",
            "resolved": "https://registry.npmjs.org/esbuild-darwin-arm64/-/esbuild-darwin-arm64-0.15.12.tgz",
            "integrity": "sha512-z4zPX02tQ41kcXMyN3c/GfZpIjKoI/BzHrdKUwhC/Ki5BAhWv59A9M8H+iqaRbwpzYrYidTybBwiZAIWCLJAkw==",
            "dev": true,
            "optional": true
        },
        "esbuild-freebsd-64": {
            "version": "0.15.12",
            "resolved": "https://registry.npmjs.org/esbuild-freebsd-64/-/esbuild-freebsd-64-0.15.12.tgz",
            "integrity": "sha512-XFL7gKMCKXLDiAiBjhLG0XECliXaRLTZh6hsyzqUqPUf/PY4C6EJDTKIeqqPKXaVJ8+fzNek88285krSz1QECw==",
            "dev": true,
            "optional": true
        },
        "esbuild-freebsd-arm64": {
            "version": "0.15.12",
            "resolved": "https://registry.npmjs.org/esbuild-freebsd-arm64/-/esbuild-freebsd-arm64-0.15.12.tgz",
            "integrity": "sha512-jwEIu5UCUk6TjiG1X+KQnCGISI+ILnXzIzt9yDVrhjug2fkYzlLbl0K43q96Q3KB66v6N1UFF0r5Ks4Xo7i72g==",
            "dev": true,
            "optional": true
        },
        "esbuild-linux-32": {
            "version": "0.15.12",
            "resolved": "https://registry.npmjs.org/esbuild-linux-32/-/esbuild-linux-32-0.15.12.tgz",
            "integrity": "sha512-uSQuSEyF1kVzGzuIr4XM+v7TPKxHjBnLcwv2yPyCz8riV8VUCnO/C4BF3w5dHiVpCd5Z1cebBtZJNlC4anWpwA==",
            "dev": true,
            "optional": true
        },
        "esbuild-linux-64": {
            "version": "0.15.12",
            "resolved": "https://registry.npmjs.org/esbuild-linux-64/-/esbuild-linux-64-0.15.12.tgz",
            "integrity": "sha512-QcgCKb7zfJxqT9o5z9ZUeGH1k8N6iX1Y7VNsEi5F9+HzN1OIx7ESxtQXDN9jbeUSPiRH1n9cw6gFT3H4qbdvcA==",
            "dev": true,
            "optional": true
        },
        "esbuild-linux-arm": {
            "version": "0.15.12",
            "resolved": "https://registry.npmjs.org/esbuild-linux-arm/-/esbuild-linux-arm-0.15.12.tgz",
            "integrity": "sha512-Wf7T0aNylGcLu7hBnzMvsTfEXdEdJY/hY3u36Vla21aY66xR0MS5I1Hw8nVquXjTN0A6fk/vnr32tkC/C2lb0A==",
            "dev": true,
            "optional": true
        },
        "esbuild-linux-arm64": {
            "version": "0.15.12",
            "resolved": "https://registry.npmjs.org/esbuild-linux-arm64/-/esbuild-linux-arm64-0.15.12.tgz",
            "integrity": "sha512-HtNq5xm8fUpZKwWKS2/YGwSfTF+339L4aIA8yphNKYJckd5hVdhfdl6GM2P3HwLSCORS++++7++//ApEwXEuAQ==",
            "dev": true,
            "optional": true
        },
        "esbuild-linux-mips64le": {
            "version": "0.15.12",
            "resolved": "https://registry.npmjs.org/esbuild-linux-mips64le/-/esbuild-linux-mips64le-0.15.12.tgz",
            "integrity": "sha512-Qol3+AvivngUZkTVFgLpb0H6DT+N5/zM3V1YgTkryPYFeUvuT5JFNDR3ZiS6LxhyF8EE+fiNtzwlPqMDqVcc6A==",
            "dev": true,
            "optional": true
        },
        "esbuild-linux-ppc64le": {
            "version": "0.15.12",
            "resolved": "https://registry.npmjs.org/esbuild-linux-ppc64le/-/esbuild-linux-ppc64le-0.15.12.tgz",
            "integrity": "sha512-4D8qUCo+CFKaR0cGXtGyVsOI7w7k93Qxb3KFXWr75An0DHamYzq8lt7TNZKoOq/Gh8c40/aKaxvcZnTgQ0TJNg==",
            "dev": true,
            "optional": true
        },
        "esbuild-linux-riscv64": {
            "version": "0.15.12",
            "resolved": "https://registry.npmjs.org/esbuild-linux-riscv64/-/esbuild-linux-riscv64-0.15.12.tgz",
            "integrity": "sha512-G9w6NcuuCI6TUUxe6ka0enjZHDnSVK8bO+1qDhMOCtl7Tr78CcZilJj8SGLN00zO5iIlwNRZKHjdMpfFgNn1VA==",
            "dev": true,
            "optional": true
        },
        "esbuild-linux-s390x": {
            "version": "0.15.12",
            "resolved": "https://registry.npmjs.org/esbuild-linux-s390x/-/esbuild-linux-s390x-0.15.12.tgz",
            "integrity": "sha512-Lt6BDnuXbXeqSlVuuUM5z18GkJAZf3ERskGZbAWjrQoi9xbEIsj/hEzVnSAFLtkfLuy2DE4RwTcX02tZFunXww==",
            "dev": true,
            "optional": true
        },
        "esbuild-netbsd-64": {
            "version": "0.15.12",
            "resolved": "https://registry.npmjs.org/esbuild-netbsd-64/-/esbuild-netbsd-64-0.15.12.tgz",
            "integrity": "sha512-jlUxCiHO1dsqoURZDQts+HK100o0hXfi4t54MNRMCAqKGAV33JCVvMplLAa2FwviSojT/5ZG5HUfG3gstwAG8w==",
            "dev": true,
            "optional": true
        },
        "esbuild-openbsd-64": {
            "version": "0.15.12",
            "resolved": "https://registry.npmjs.org/esbuild-openbsd-64/-/esbuild-openbsd-64-0.15.12.tgz",
            "integrity": "sha512-1o1uAfRTMIWNOmpf8v7iudND0L6zRBYSH45sofCZywrcf7NcZA+c7aFsS1YryU+yN7aRppTqdUK1PgbZVaB1Dw==",
            "dev": true,
            "optional": true
        },
        "esbuild-sunos-64": {
            "version": "0.15.12",
            "resolved": "https://registry.npmjs.org/esbuild-sunos-64/-/esbuild-sunos-64-0.15.12.tgz",
            "integrity": "sha512-nkl251DpoWoBO9Eq9aFdoIt2yYmp4I3kvQjba3jFKlMXuqQ9A4q+JaqdkCouG3DHgAGnzshzaGu6xofGcXyPXg==",
            "dev": true,
            "optional": true
        },
        "esbuild-windows-32": {
            "version": "0.15.12",
            "resolved": "https://registry.npmjs.org/esbuild-windows-32/-/esbuild-windows-32-0.15.12.tgz",
            "integrity": "sha512-WlGeBZHgPC00O08luIp5B2SP4cNCp/PcS+3Pcg31kdcJPopHxLkdCXtadLU9J82LCfw4TVls21A6lilQ9mzHrw==",
            "dev": true,
            "optional": true
        },
        "esbuild-windows-64": {
            "version": "0.15.12",
            "resolved": "https://registry.npmjs.org/esbuild-windows-64/-/esbuild-windows-64-0.15.12.tgz",
            "integrity": "sha512-VActO3WnWZSN//xjSfbiGOSyC+wkZtI8I4KlgrTo5oHJM6z3MZZBCuFaZHd8hzf/W9KPhF0lY8OqlmWC9HO5AA==",
            "dev": true,
            "optional": true
        },
        "esbuild-windows-arm64": {
            "version": "0.15.12",
            "resolved": "https://registry.npmjs.org/esbuild-windows-arm64/-/esbuild-windows-arm64-0.15.12.tgz",
            "integrity": "sha512-Of3MIacva1OK/m4zCNIvBfz8VVROBmQT+gRX6pFTLPngFYcj6TFH/12VveAqq1k9VB2l28EoVMNMUCcmsfwyuA==",
            "dev": true,
            "optional": true
        },
        "js-tokens": {
            "version": "4.0.0",
            "resolved": "https://registry.npmjs.org/js-tokens/-/js-tokens-4.0.0.tgz",
            "integrity": "sha512-RdJUflcE3cUzKiMqQgsCu06FPu9UdIJO0beYbPhHN4k6apgJtifcoCtT9bcxOpYBtpD2kCM6Sbzg4CausW/PKQ=="
        },
        "loose-envify": {
            "version": "1.4.0",
            "resolved": "https://registry.npmjs.org/loose-envify/-/loose-envify-1.4.0.tgz",
            "integrity": "sha512-lyuxPGr/Wfhrlem2CL/UcnUc1zcqKAImBDzukY7Y5F/yQiNdko6+fRLevlw1HgMySw7f611UIY408EtxRSoK3Q==",
            "requires": {
                "js-tokens": "^3.0.0 || ^4.0.0"
            }
        },
        "memoize-one": {
            "version": "5.2.1",
            "resolved": "https://registry.npmjs.org/memoize-one/-/memoize-one-5.2.1.tgz",
            "integrity": "sha512-zYiwtZUcYyXKo/np96AGZAckk+FWWsUdJ3cHGGmld7+AhvcWmQyGCYUh1hc4Q/pkOhb65dQR/pqCyK0cOaHz4Q=="
        },
        "react": {
            "version": "18.2.0",
            "resolved": "https://registry.npmjs.org/react/-/react-18.2.0.tgz",
            "integrity": "sha512-/3IjMdb2L9QbBdWiW5e3P2/npwMBaU9mHCSCUzNln0ZCYbcfTsGbTJrU/kGemdH2IWmB2ioZ+zkxtmq6g09fGQ==",
            "requires": {
                "loose-envify": "^1.1.0"
            }
        },
        "react-dom": {
            "version": "18.2.0",
            "resolved": "https://registry.npmjs.org/react-dom/-/react-dom-18.2.0.tgz",
            "integrity": "sha512-6IMTriUmvsjHUjNtEDudZfuDQUoWXVxKHhlEGSk81n4YFS+r/Kl99wXiwlVXtPBtJenozv2P+hxDsw9eA7Xo6g==",
            "requires": {
                "loose-envify": "^1.1.0",
                "scheduler": "^0.23.0"
            }
        },
        "react-router": {
            "version": "6.4.3",
            "resolved": "https://registry.npmjs.org/react-router/-/react-router-6.4.3.tgz",
            "integrity": "sha512-BT6DoGn6aV1FVP5yfODMOiieakp3z46P1Fk0RNzJMACzE7C339sFuHebfvWtnB4pzBvXXkHP2vscJzWRuUjTtA==",
            "dev": true,
            "requires": {
                "@remix-run/router": "1.0.3"
            }
        },
        "react-router-dom": {
            "version": "6.4.3",
            "resolved": "https://registry.npmjs.org/react-router-dom/-/react-router-dom-6.4.3.tgz",
            "integrity": "sha512-MiaYQU8CwVCaOfJdYvt84KQNjT78VF0TJrA17SIQgNHRvLnXDJO6qsFqq8F/zzB1BWZjCFIrQpu4QxcshitziQ==",
            "dev": true,
            "requires": {
                "@remix-run/router": "1.0.3",
                "react-router": "6.4.3"
            }
        },
        "react-window": {
            "version": "1.8.8",
            "resolved": "https://registry.npmjs.org/react-window/-/react-window-1.8.8.tgz",
            "integrity": "sha512-D4IiBeRtGXziZ1n0XklnFGu7h9gU684zepqyKzgPNzrsrk7xOCxni+TCckjg2Nr/DiaEEGVVmnhYSlT2rB47dQ==",
            "requires": {
                "@babel/runtime": "^7.0.0",
                "memoize-one": ">=3.1.1 <6"
            }
        },
        "regenerator-runtime": {
            "version": "0.13.11",
            "resolved": "https://registry.npmjs.org/regenerator-runtime/-/regenerator-runtime-0.13.11.tgz",
            "integrity": "sha512-kY1AZVr2Ra+t+piVaJ4gxaFaReZVH40AKNo7UCX6W+dEwBo/2oZJzqfuN1qLq1oL45o56cPaTXELwrTh8Fpggg=="
        },
        "scheduler": {
            "version": "0.23.0",
            "resolved": "https://registry.npmjs.org/scheduler/-/scheduler-0.23.0.tgz",
            "integrity": "sha512-CtuThmgHNg7zIZWAXi3AsyIzA3n4xx7aNyjwC2VJldO2LMVDhFK+63xGqq6CsJH4rTAt6/M+N4GhZiDYPx9eUw==",
            "requires": {
                "loose-envify": "^1.1.0"
            }
        }
    }
}
